github.com/Binject/debug v0.0.0-20210312092933-6277045c2fdf h1:Cx4YJvjPZD91xiffqJOq8l3j1YKcvx3+8duqq7DX9gY=
github.com/Binject/debug v0.0.0-20210312092933-6277045c2fdf/go.mod h1:QzgxDLY/qdKlvnbnb65eqTedhvQPbaSP2NqIbcuKvsQ=
github.com/audibleblink/getsystem v0.1.1/go.mod h1:JAoOsoqmC5st/9PtYBmTiP/5c7Bi75HhzXgHUSMJuuo=
github.com/audibleblink/rpcls v0.0.0-20210822225556-d855a04ad117 h1:BowNki8waMRm5GKZwVFcGhV5XC4p6YyTcBGenwwKZwc=
github.com/audibleblink/rpcls v0.0.0-20210822225556-d855a04ad117/go.mod h1:nBqwFaT1Ga7nPaTEtHNzd1wYzMJxdWJOia6XZ2ws0Mg=
golang.org/x/sys v0.0.0-20210820121016-41cdb8703e55/go.mod h1:oPkhp1MJrh7nUepCBck5+mAzfO9JrbApNNgaTdGDITg=
golang.org/x/sys v0.0.0-20220128215802-99c3d69c2c27 h1:XDXtA5hveEEV8JB2l7nhMTp3t3cHp9ZpwcdjqyEWLlo=
golang.org/x/sys v0.0.0-20220128215802-99c3d69c2c27/go.mod h1:oPkhp1MJrh7nUepCBck5+mAzfO9JrbApNNgaTdGDITg=
